// !$*UTF8*$!
{
	archiveVersion = 1;
	classes = {
	};
	objectVersion = 77;
	objects = {

/* Begin PBXBuildFile section */
		05929BB57BC35D653FB64014 /* RegionSelectionOverlay+EditingUI.swift in Sources */ = {isa = PBXBuildFile; fileRef = 19A1AFDC17A789D30DA0B5D0 /* RegionSelectionOverlay+EditingUI.swift */; };
		128ED047EFB46402DF86FBCE /* CaptureOverlayToolbars.swift in Sources */ = {isa = PBXBuildFile; fileRef = 4438A6643F5C53E8A85989E3 /* CaptureOverlayToolbars.swift */; };
		15FA0CAF0FEA88B1EAF2FBCC /* AnnotationCanvasView+InlineText.swift in Sources */ = {isa = PBXBuildFile; fileRef = C4D4D6AE07A4A9CDFCAD0AA7 /* AnnotationCanvasView+InlineText.swift */; };
		16AB5CD1E037FB9C51476397 /* VivyShotKit.xcframework in Frameworks */ = {isa = PBXBuildFile; fileRef = 41D8ED664863BE7F322C9F88 /* VivyShotKit.xcframework */; };
		18278408B8F32522DF8240ED /* RegionSelectionOverlay.swift in Sources */ = {isa = PBXBuildFile; fileRef = 4F6372C4CA3D0FA0704513EC /* RegionSelectionOverlay.swift */; };
		1F707AFC59029A4A8B024677 /* GlobalHotKeyManager.swift in Sources */ = {isa = PBXBuildFile; fileRef = 2F432870534B2F4FE175B3C2 /* GlobalHotKeyManager.swift */; };
		239CB83C9448A4210731AA59 /* RegionSelectionOverlay+EditingSelection.swift in Sources */ = {isa = PBXBuildFile; fileRef = 03F33B526AE66F6F7197D725 /* RegionSelectionOverlay+EditingSelection.swift */; };
		27FC97DCB4F293F1621F9318 /* AnnotationCanvasView.swift in Sources */ = {isa = PBXBuildFile; fileRef = 10E44C1A62C88CBB945A7AF4 /* AnnotationCanvasView.swift */; };
		2F98E5FBA54732922C0F3ED1 /* CaptureGlassViews.swift in Sources */ = {isa = PBXBuildFile; fileRef = B5A5E4B83AB085731FA1CDA2 /* CaptureGlassViews.swift */; };
		3293C133DF1A4B31736B5148 /* VideoCaptureComponents.swift in Sources */ = {isa = PBXBuildFile; fileRef = 2A63F21778CC5E87650878CA /* VideoCaptureComponents.swift */; };
		334BCD9713252C7120CE9A27 /* AnnotationTool.swift in Sources */ = {isa = PBXBuildFile; fileRef = 3D91B677D960DFB0D26E9C44 /* AnnotationTool.swift */; };
		3AECEA6788A23BB1D307B14F /* AppSettings.swift in Sources */ = {isa = PBXBuildFile; fileRef = C7CB3680D67A271DD95942D6 /* AppSettings.swift */; };
		3DC7D7055455F7D3EFA549DF /* RustTimelineSession.swift in Sources */ = {isa = PBXBuildFile; fileRef = 816DD48AE89ABD30828BF4E0 /* RustTimelineSession.swift */; };
		3EAA37C88CD88FE24C7522BC /* CaptureMode.swift in Sources */ = {isa = PBXBuildFile; fileRef = 1B26EFAF92AF34AAD2E24534 /* CaptureMode.swift */; };
		40B25CC63AA6241A2BE9B27A /* RustCoreTypes.swift in Sources */ = {isa = PBXBuildFile; fileRef = CA41A2A953FDED58C9587FF3 /* RustCoreTypes.swift */; };
		43D993EA20092F40EA0D3CB9 /* EditorTextStyle.swift in Sources */ = {isa = PBXBuildFile; fileRef = ECAAB5FA3ACCCC7F511ED16F /* EditorTextStyle.swift */; };
		4619D08016382187A7381A38 /* VivyShotTests.swift in Sources */ = {isa = PBXBuildFile; fileRef = B41D12D461242E09C0229723 /* VivyShotTests.swift */; };
		479B2BACE55FE843C36C3F41 /* main.swift in Sources */ = {isa = PBXBuildFile; fileRef = 922EEDDAB5DDA68657086F6B /* main.swift */; };
		53B136B76F4024389FDCB678 /* LiquidGlassViews.swift in Sources */ = {isa = PBXBuildFile; fileRef = 8C89348136A4D786A65F23AB /* LiquidGlassViews.swift */; };
		54F62A84A4DC6DEF2D2638E2 /* UITestHarnessView.swift in Sources */ = {isa = PBXBuildFile; fileRef = E9691E54D1A8568CA2DBD761 /* UITestHarnessView.swift */; };
		5CC7C99A84FE04E9964F47B0 /* RegionSelectionOverlay+EditingLayout.swift in Sources */ = {isa = PBXBuildFile; fileRef = E2EEA120B0840BC71D568CE6 /* RegionSelectionOverlay+EditingLayout.swift */; };
		614A4376D4B7E27F5A8D87C5 /* RegionSelectionOverlayController.swift in Sources */ = {isa = PBXBuildFile; fileRef = E5EAF3C29324BC59291E1A59 /* RegionSelectionOverlayController.swift */; };
		65BC0A5A8C4D59D139B0245C /* CaptureCoordinatorProtocol.swift in Sources */ = {isa = PBXBuildFile; fileRef = FAB28816CC8084D1B183EAB1 /* CaptureCoordinatorProtocol.swift */; };
		698F95F7CDB17D4732AAF974 /* RegionSelectionOverlay+Export.swift in Sources */ = {isa = PBXBuildFile; fileRef = 28A6F43ACDC1F439F3576B3E /* RegionSelectionOverlay+Export.swift */; };
		70A83E1153A8C3548B3D59DD /* RegionSelectionOverlay+Stitch.swift in Sources */ = {isa = PBXBuildFile; fileRef = 1A7C0AF3811B144640A1EC5E /* RegionSelectionOverlay+Stitch.swift */; };
		767A786D8BDA2122D1C1C8A7 /* VideoCaptureUI.swift in Sources */ = {isa = PBXBuildFile; fileRef = 5B4220C2A3DBFDB5039B1381 /* VideoCaptureUI.swift */; };
		7B2C71F0BC07D1D676B5DABC /* CaptureShaderTransitionView.swift in Sources */ = {isa = PBXBuildFile; fileRef = DE20CCE59EE20FE605CFA6FD /* CaptureShaderTransitionView.swift */; };
		8704CA1314A3BED7679C8A27 /* SettingsWindowController.swift in Sources */ = {isa = PBXBuildFile; fileRef = 2FE5DA67C786B683E58A2B1A /* SettingsWindowController.swift */; };
		98B5325E2FDAB4B8A2E443B8 /* RecordingFloatingBars.swift in Sources */ = {isa = PBXBuildFile; fileRef = 2B53E3EC8A1BB18B9CC52D23 /* RecordingFloatingBars.swift */; };
		A923E7D83C4835F94A398D18 /* AnnotationCanvasView+Input.swift in Sources */ = {isa = PBXBuildFile; fileRef = B69CF860107CA75A6D80F692 /* AnnotationCanvasView+Input.swift */; };
		AD78622235775470AE526D12 /* RustVideoSession.swift in Sources */ = {isa = PBXBuildFile; fileRef = ED06405596D45D6EDA73C8E9 /* RustVideoSession.swift */; };
		B28514244922F18049B63FBC /* RegionSelectionOverlay+EditingToolbar.swift in Sources */ = {isa = PBXBuildFile; fileRef = 11E4EA737BCAD29F3EE51FFA /* RegionSelectionOverlay+EditingToolbar.swift */; };
		BC23BDFB3C7EB7B99002B696 /* RegionSelectionOverlay+EditingTargetPicking.swift in Sources */ = {isa = PBXBuildFile; fileRef = 641321862D64BC5E2FF0A90C /* RegionSelectionOverlay+EditingTargetPicking.swift */; };
		C635AB4660A298B2F6073092 /* RustStitchSession.swift in Sources */ = {isa = PBXBuildFile; fileRef = C038AE6E32EFCE1AADEDD4BB /* RustStitchSession.swift */; };
		C9FCDE3F7041A4486FC33FFF /* VivyShotKit.xcframework in Frameworks */ = {isa = PBXBuildFile; fileRef = 41D8ED664863BE7F322C9F88 /* VivyShotKit.xcframework */; };
		CD16DB22FB35D744AED9F9ED /* StatusItemController.swift in Sources */ = {isa = PBXBuildFile; fileRef = CE5399CE50A9B2FDAFF8CA9F /* StatusItemController.swift */; };
		CF35C0365FAB9D271112811E /* RustCoreBridge.swift in Sources */ = {isa = PBXBuildFile; fileRef = 92E875AD1F0A17527B95AE31 /* RustCoreBridge.swift */; };
		D9A8CFC54C646580EAF4564C /* AnnotationCanvasView+Drawing.swift in Sources */ = {isa = PBXBuildFile; fileRef = B5FD724B09B6515ABE6CA7FA /* AnnotationCanvasView+Drawing.swift */; };
		DE7E880E473009BB635F3E34 /* CrashReporter.swift in Sources */ = {isa = PBXBuildFile; fileRef = 05BDFA700DB8EFFBFBD4E286 /* CrashReporter.swift */; };
		EE2BEDED29E40981A97CFFD6 /* CaptureCoordinator.swift in Sources */ = {isa = PBXBuildFile; fileRef = 2A4E7B7345BA36B009097C83 /* CaptureCoordinator.swift */; };
		F04016BB0A0698C2ECE60ADE /* RustDocumentSession.swift in Sources */ = {isa = PBXBuildFile; fileRef = 9AFF4B492AFB282FA2BACB4D /* RustDocumentSession.swift */; };
		F504DE7E6240853F79D75343 /* AnnotationCanvasView+Geometry.swift in Sources */ = {isa = PBXBuildFile; fileRef = C54A0E7205A0D030FE93C949 /* AnnotationCanvasView+Geometry.swift */; };
		F86BB23A4BB8E2E542234B49 /* AppDelegate.swift in Sources */ = {isa = PBXBuildFile; fileRef = 8187D1FE4C35E2B75201299B /* AppDelegate.swift */; };
		F8C1DE33D147028DA3ED3FD4 /* TransientToast.swift in Sources */ = {isa = PBXBuildFile; fileRef = A9C96141627350F4D18ECD88 /* TransientToast.swift */; };
		FFB3828F0A0BC198135CF110 /* RegionSelectionOverlay+Annotation.swift in Sources */ = {isa = PBXBuildFile; fileRef = 86CE71AB4F11CEF9E9BD6105 /* RegionSelectionOverlay+Annotation.swift */; };
/* End PBXBuildFile section */

/* Begin PBXContainerItemProxy section */
		AC110FFFAF7B173A05C984FF /* PBXContainerItemProxy */ = {
			isa = PBXContainerItemProxy;
			containerPortal = 6B930F60F68F822EA982EBAB /* Project object */;
			proxyType = 1;
			remoteGlobalIDString = 32E80109356F554283C3D146;
			remoteInfo = VivyShot;
		};
/* End PBXContainerItemProxy section */

/* Begin PBXFileReference section */
		03F33B526AE66F6F7197D725 /* RegionSelectionOverlay+EditingSelection.swift */ = {isa = PBXFileReference; lastKnownFileType = sourcecode.swift; path = "RegionSelectionOverlay+EditingSelection.swift"; sourceTree = "<group>"; };
		05BDFA700DB8EFFBFBD4E286 /* CrashReporter.swift */ = {isa = PBXFileReference; lastKnownFileType = sourcecode.swift; path = CrashReporter.swift; sourceTree = "<group>"; };
		10E44C1A62C88CBB945A7AF4 /* AnnotationCanvasView.swift */ = {isa = PBXFileReference; lastKnownFileType = sourcecode.swift; path = AnnotationCanvasView.swift; sourceTree = "<group>"; };
		11E4EA737BCAD29F3EE51FFA /* RegionSelectionOverlay+EditingToolbar.swift */ = {isa = PBXFileReference; lastKnownFileType = sourcecode.swift; path = "RegionSelectionOverlay+EditingToolbar.swift"; sourceTree = "<group>"; };
		19A1AFDC17A789D30DA0B5D0 /* RegionSelectionOverlay+EditingUI.swift */ = {isa = PBXFileReference; lastKnownFileType = sourcecode.swift; path = "RegionSelectionOverlay+EditingUI.swift"; sourceTree = "<group>"; };
		1A7C0AF3811B144640A1EC5E /* RegionSelectionOverlay+Stitch.swift */ = {isa = PBXFileReference; lastKnownFileType = sourcecode.swift; path = "RegionSelectionOverlay+Stitch.swift"; sourceTree = "<group>"; };
		1B26EFAF92AF34AAD2E24534 /* CaptureMode.swift */ = {isa = PBXFileReference; lastKnownFileType = sourcecode.swift; path = CaptureMode.swift; sourceTree = "<group>"; };
		28A6F43ACDC1F439F3576B3E /* RegionSelectionOverlay+Export.swift */ = {isa = PBXFileReference; lastKnownFileType = sourcecode.swift; path = "RegionSelectionOverlay+Export.swift"; sourceTree = "<group>"; };
		2A4E7B7345BA36B009097C83 /* CaptureCoordinator.swift */ = {isa = PBXFileReference; lastKnownFileType = sourcecode.swift; path = CaptureCoordinator.swift; sourceTree = "<group>"; };
		2A63F21778CC5E87650878CA /* VideoCaptureComponents.swift */ = {isa = PBXFileReference; lastKnownFileType = sourcecode.swift; path = VideoCaptureComponents.swift; sourceTree = "<group>"; };
		2B53E3EC8A1BB18B9CC52D23 /* RecordingFloatingBars.swift */ = {isa = PBXFileReference; lastKnownFileType = sourcecode.swift; path = RecordingFloatingBars.swift; sourceTree = "<group>"; };
		2F432870534B2F4FE175B3C2 /* GlobalHotKeyManager.swift */ = {isa = PBXFileReference; lastKnownFileType = sourcecode.swift; path = GlobalHotKeyManager.swift; sourceTree = "<group>"; };
		2FE5DA67C786B683E58A2B1A /* SettingsWindowController.swift */ = {isa = PBXFileReference; lastKnownFileType = sourcecode.swift; path = SettingsWindowController.swift; sourceTree = "<group>"; };
		3D91B677D960DFB0D26E9C44 /* AnnotationTool.swift */ = {isa = PBXFileReference; lastKnownFileType = sourcecode.swift; path = AnnotationTool.swift; sourceTree = "<group>"; };
		41D8ED664863BE7F322C9F88 /* VivyShotKit.xcframework */ = {isa = PBXFileReference; lastKnownFileType = wrapper.xcframework; name = VivyShotKit.xcframework; path = ../VivyShotKit.xcframework; sourceTree = "<group>"; };
		4438A6643F5C53E8A85989E3 /* CaptureOverlayToolbars.swift */ = {isa = PBXFileReference; lastKnownFileType = sourcecode.swift; path = CaptureOverlayToolbars.swift; sourceTree = "<group>"; };
		4F6372C4CA3D0FA0704513EC /* RegionSelectionOverlay.swift */ = {isa = PBXFileReference; lastKnownFileType = sourcecode.swift; path = RegionSelectionOverlay.swift; sourceTree = "<group>"; };
		5B4220C2A3DBFDB5039B1381 /* VideoCaptureUI.swift */ = {isa = PBXFileReference; lastKnownFileType = sourcecode.swift; path = VideoCaptureUI.swift; sourceTree = "<group>"; };
		641321862D64BC5E2FF0A90C /* RegionSelectionOverlay+EditingTargetPicking.swift */ = {isa = PBXFileReference; lastKnownFileType = sourcecode.swift; path = "RegionSelectionOverlay+EditingTargetPicking.swift"; sourceTree = "<group>"; };
		816DD48AE89ABD30828BF4E0 /* RustTimelineSession.swift */ = {isa = PBXFileReference; lastKnownFileType = sourcecode.swift; path = RustTimelineSession.swift; sourceTree = "<group>"; };
		8187D1FE4C35E2B75201299B /* AppDelegate.swift */ = {isa = PBXFileReference; lastKnownFileType = sourcecode.swift; path = AppDelegate.swift; sourceTree = "<group>"; };
		86CE71AB4F11CEF9E9BD6105 /* RegionSelectionOverlay+Annotation.swift */ = {isa = PBXFileReference; lastKnownFileType = sourcecode.swift; path = "RegionSelectionOverlay+Annotation.swift"; sourceTree = "<group>"; };
		8AF6AFA34F28C17CC7B6AFDA /* VivyShot.app */ = {isa = PBXFileReference; explicitFileType = wrapper.application; includeInIndex = 0; path = VivyShot.app; sourceTree = BUILT_PRODUCTS_DIR; };
		8C89348136A4D786A65F23AB /* LiquidGlassViews.swift */ = {isa = PBXFileReference; lastKnownFileType = sourcecode.swift; path = LiquidGlassViews.swift; sourceTree = "<group>"; };
		922EEDDAB5DDA68657086F6B /* main.swift */ = {isa = PBXFileReference; lastKnownFileType = sourcecode.swift; path = main.swift; sourceTree = "<group>"; };
		92E875AD1F0A17527B95AE31 /* RustCoreBridge.swift */ = {isa = PBXFileReference; lastKnownFileType = sourcecode.swift; path = RustCoreBridge.swift; sourceTree = "<group>"; };
		9AFF4B492AFB282FA2BACB4D /* RustDocumentSession.swift */ = {isa = PBXFileReference; lastKnownFileType = sourcecode.swift; path = RustDocumentSession.swift; sourceTree = "<group>"; };
		A9C96141627350F4D18ECD88 /* TransientToast.swift */ = {isa = PBXFileReference; lastKnownFileType = sourcecode.swift; path = TransientToast.swift; sourceTree = "<group>"; };
		B41D12D461242E09C0229723 /* VivyShotTests.swift */ = {isa = PBXFileReference; lastKnownFileType = sourcecode.swift; path = VivyShotTests.swift; sourceTree = "<group>"; };
		B5A5E4B83AB085731FA1CDA2 /* CaptureGlassViews.swift */ = {isa = PBXFileReference; lastKnownFileType = sourcecode.swift; path = CaptureGlassViews.swift; sourceTree = "<group>"; };
		B5FD724B09B6515ABE6CA7FA /* AnnotationCanvasView+Drawing.swift */ = {isa = PBXFileReference; lastKnownFileType = sourcecode.swift; path = "AnnotationCanvasView+Drawing.swift"; sourceTree = "<group>"; };
		B69CF860107CA75A6D80F692 /* AnnotationCanvasView+Input.swift */ = {isa = PBXFileReference; lastKnownFileType = sourcecode.swift; path = "AnnotationCanvasView+Input.swift"; sourceTree = "<group>"; };
		C038AE6E32EFCE1AADEDD4BB /* RustStitchSession.swift */ = {isa = PBXFileReference; lastKnownFileType = sourcecode.swift; path = RustStitchSession.swift; sourceTree = "<group>"; };
		C4D4D6AE07A4A9CDFCAD0AA7 /* AnnotationCanvasView+InlineText.swift */ = {isa = PBXFileReference; lastKnownFileType = sourcecode.swift; path = "AnnotationCanvasView+InlineText.swift"; sourceTree = "<group>"; };
		C54A0E7205A0D030FE93C949 /* AnnotationCanvasView+Geometry.swift */ = {isa = PBXFileReference; lastKnownFileType = sourcecode.swift; path = "AnnotationCanvasView+Geometry.swift"; sourceTree = "<group>"; };
		C7CB3680D67A271DD95942D6 /* AppSettings.swift */ = {isa = PBXFileReference; lastKnownFileType = sourcecode.swift; path = AppSettings.swift; sourceTree = "<group>"; };
		CA41A2A953FDED58C9587FF3 /* RustCoreTypes.swift */ = {isa = PBXFileReference; lastKnownFileType = sourcecode.swift; path = RustCoreTypes.swift; sourceTree = "<group>"; };
		CE5399CE50A9B2FDAFF8CA9F /* StatusItemController.swift */ = {isa = PBXFileReference; lastKnownFileType = sourcecode.swift; path = StatusItemController.swift; sourceTree = "<group>"; };
		DE20CCE59EE20FE605CFA6FD /* CaptureShaderTransitionView.swift */ = {isa = PBXFileReference; lastKnownFileType = sourcecode.swift; path = CaptureShaderTransitionView.swift; sourceTree = "<group>"; };
		E2EEA120B0840BC71D568CE6 /* RegionSelectionOverlay+EditingLayout.swift */ = {isa = PBXFileReference; lastKnownFileType = sourcecode.swift; path = "RegionSelectionOverlay+EditingLayout.swift"; sourceTree = "<group>"; };
		E5EAF3C29324BC59291E1A59 /* RegionSelectionOverlayController.swift */ = {isa = PBXFileReference; lastKnownFileType = sourcecode.swift; path = RegionSelectionOverlayController.swift; sourceTree = "<group>"; };
		E9691E54D1A8568CA2DBD761 /* UITestHarnessView.swift */ = {isa = PBXFileReference; lastKnownFileType = sourcecode.swift; path = UITestHarnessView.swift; sourceTree = "<group>"; };
		EA17DB09C430A0ED8B3F7FDB /* VivyShotTests.xctest */ = {isa = PBXFileReference; explicitFileType = wrapper.cfbundle; includeInIndex = 0; path = VivyShotTests.xctest; sourceTree = BUILT_PRODUCTS_DIR; };
		ECAAB5FA3ACCCC7F511ED16F /* EditorTextStyle.swift */ = {isa = PBXFileReference; lastKnownFileType = sourcecode.swift; path = EditorTextStyle.swift; sourceTree = "<group>"; };
		ED06405596D45D6EDA73C8E9 /* RustVideoSession.swift */ = {isa = PBXFileReference; lastKnownFileType = sourcecode.swift; path = RustVideoSession.swift; sourceTree = "<group>"; };
		FAB28816CC8084D1B183EAB1 /* CaptureCoordinatorProtocol.swift */ = {isa = PBXFileReference; lastKnownFileType = sourcecode.swift; path = CaptureCoordinatorProtocol.swift; sourceTree = "<group>"; };
/* End PBXFileReference section */

/* Begin PBXFrameworksBuildPhase section */
		7920660CCD3A0D5D66E06637 /* Frameworks */ = {
			isa = PBXFrameworksBuildPhase;
			buildActionMask = 2147483647;
			files = (
				C9FCDE3F7041A4486FC33FFF /* VivyShotKit.xcframework in Frameworks */,
			);
			runOnlyForDeploymentPostprocessing = 0;
		};
		E0DE212BEB0A8788071C68E6 /* Frameworks */ = {
			isa = PBXFrameworksBuildPhase;
			buildActionMask = 2147483647;
			files = (
				16AB5CD1E037FB9C51476397 /* VivyShotKit.xcframework in Frameworks */,
			);
			runOnlyForDeploymentPostprocessing = 0;
		};
/* End PBXFrameworksBuildPhase section */

/* Begin PBXGroup section */
		0BDB740333D2E24128A5448D /* Tests */ = {
			isa = PBXGroup;
			children = (
				B41D12D461242E09C0229723 /* VivyShotTests.swift */,
			);
			path = Tests;
			sourceTree = "<group>";
		};
		38844B451623DA54BD0916D4 /* Configuration */ = {
			isa = PBXGroup;
			children = (
				3D91B677D960DFB0D26E9C44 /* AnnotationTool.swift */,
				C7CB3680D67A271DD95942D6 /* AppSettings.swift */,
				1B26EFAF92AF34AAD2E24534 /* CaptureMode.swift */,
				ECAAB5FA3ACCCC7F511ED16F /* EditorTextStyle.swift */,
			);
			path = Configuration;
			sourceTree = "<group>";
		};
		59BDB053FA06BF46834A7BCC /* Features */ = {
			isa = PBXGroup;
			children = (
				8FF6C1154C5FEEFE67191000 /* Annotation */,
				CCD45DC190176AAAD172F915 /* Capture */,
				E4E8C0BE712901C6F3429D28 /* RegionSelection */,
				D96DDF49FB448DA1EAC3806B /* Settings */,
			);
			path = Features;
			sourceTree = "<group>";
		};
		5A817043E47423CA7B6BC1F3 /* Frameworks */ = {
			isa = PBXGroup;
			children = (
				41D8ED664863BE7F322C9F88 /* VivyShotKit.xcframework */,
			);
			name = Frameworks;
			sourceTree = "<group>";
		};
		61B6A271B1ACF63953F55366 /* Shared */ = {
			isa = PBXGroup;
			children = (
				B0255B68E1BF2CFFA2332CED /* UI */,
			);
			path = Shared;
			sourceTree = "<group>";
		};
		684E022B4D9C768278768328 /* App */ = {
			isa = PBXGroup;
			children = (
				E052D0F323D0BA401BCBA269 /* Application */,
				38844B451623DA54BD0916D4 /* Configuration */,
				59BDB053FA06BF46834A7BCC /* Features */,
				7B51FF98E4AB04AC06068F48 /* Interop */,
				61B6A271B1ACF63953F55366 /* Shared */,
			);
			path = App;
			sourceTree = "<group>";
		};
		7A5D82ED2F4E224575DF5A1A /* Products */ = {
			isa = PBXGroup;
			children = (
				8AF6AFA34F28C17CC7B6AFDA /* VivyShot.app */,
				EA17DB09C430A0ED8B3F7FDB /* VivyShotTests.xctest */,
			);
			name = Products;
			sourceTree = "<group>";
		};
		7B51FF98E4AB04AC06068F48 /* Interop */ = {
			isa = PBXGroup;
			children = (
				CB44DB41A3EF704CDDC921CC /* RustCore */,
			);
			path = Interop;
			sourceTree = "<group>";
		};
		8B422C4740AC8426F45C3B6C /* Sources */ = {
			isa = PBXGroup;
			children = (
				684E022B4D9C768278768328 /* App */,
			);
			path = Sources;
			sourceTree = "<group>";
		};
		8FF6C1154C5FEEFE67191000 /* Annotation */ = {
			isa = PBXGroup;
			children = (
				10E44C1A62C88CBB945A7AF4 /* AnnotationCanvasView.swift */,
				B5FD724B09B6515ABE6CA7FA /* AnnotationCanvasView+Drawing.swift */,
				C54A0E7205A0D030FE93C949 /* AnnotationCanvasView+Geometry.swift */,
				C4D4D6AE07A4A9CDFCAD0AA7 /* AnnotationCanvasView+InlineText.swift */,
				B69CF860107CA75A6D80F692 /* AnnotationCanvasView+Input.swift */,
			);
			path = Annotation;
			sourceTree = "<group>";
		};
		B0255B68E1BF2CFFA2332CED /* UI */ = {
			isa = PBXGroup;
			children = (
				B5A5E4B83AB085731FA1CDA2 /* CaptureGlassViews.swift */,
				4438A6643F5C53E8A85989E3 /* CaptureOverlayToolbars.swift */,
				8C89348136A4D786A65F23AB /* LiquidGlassViews.swift */,
				2B53E3EC8A1BB18B9CC52D23 /* RecordingFloatingBars.swift */,
			);
			path = UI;
			sourceTree = "<group>";
		};
		CB44DB41A3EF704CDDC921CC /* RustCore */ = {
			isa = PBXGroup;
			children = (
				92E875AD1F0A17527B95AE31 /* RustCoreBridge.swift */,
				CA41A2A953FDED58C9587FF3 /* RustCoreTypes.swift */,
				9AFF4B492AFB282FA2BACB4D /* RustDocumentSession.swift */,
				C038AE6E32EFCE1AADEDD4BB /* RustStitchSession.swift */,
				816DD48AE89ABD30828BF4E0 /* RustTimelineSession.swift */,
				ED06405596D45D6EDA73C8E9 /* RustVideoSession.swift */,
			);
			path = RustCore;
			sourceTree = "<group>";
		};
		CCD45DC190176AAAD172F915 /* Capture */ = {
			isa = PBXGroup;
			children = (
				2A4E7B7345BA36B009097C83 /* CaptureCoordinator.swift */,
				FAB28816CC8084D1B183EAB1 /* CaptureCoordinatorProtocol.swift */,
				DE20CCE59EE20FE605CFA6FD /* CaptureShaderTransitionView.swift */,
				2A63F21778CC5E87650878CA /* VideoCaptureComponents.swift */,
				5B4220C2A3DBFDB5039B1381 /* VideoCaptureUI.swift */,
			);
			path = Capture;
			sourceTree = "<group>";
		};
		D96DDF49FB448DA1EAC3806B /* Settings */ = {
			isa = PBXGroup;
			children = (
				2FE5DA67C786B683E58A2B1A /* SettingsWindowController.swift */,
			);
			path = Settings;
			sourceTree = "<group>";
		};
		E052D0F323D0BA401BCBA269 /* Application */ = {
			isa = PBXGroup;
			children = (
				8187D1FE4C35E2B75201299B /* AppDelegate.swift */,
				05BDFA700DB8EFFBFBD4E286 /* CrashReporter.swift */,
				2F432870534B2F4FE175B3C2 /* GlobalHotKeyManager.swift */,
				922EEDDAB5DDA68657086F6B /* main.swift */,
				CE5399CE50A9B2FDAFF8CA9F /* StatusItemController.swift */,
				A9C96141627350F4D18ECD88 /* TransientToast.swift */,
				E9691E54D1A8568CA2DBD761 /* UITestHarnessView.swift */,
			);
			path = Application;
			sourceTree = "<group>";
		};
		E4E8C0BE712901C6F3429D28 /* RegionSelection */ = {
			isa = PBXGroup;
			children = (
				4F6372C4CA3D0FA0704513EC /* RegionSelectionOverlay.swift */,
				86CE71AB4F11CEF9E9BD6105 /* RegionSelectionOverlay+Annotation.swift */,
				E2EEA120B0840BC71D568CE6 /* RegionSelectionOverlay+EditingLayout.swift */,
				03F33B526AE66F6F7197D725 /* RegionSelectionOverlay+EditingSelection.swift */,
				641321862D64BC5E2FF0A90C /* RegionSelectionOverlay+EditingTargetPicking.swift */,
				11E4EA737BCAD29F3EE51FFA /* RegionSelectionOverlay+EditingToolbar.swift */,
				19A1AFDC17A789D30DA0B5D0 /* RegionSelectionOverlay+EditingUI.swift */,
				28A6F43ACDC1F439F3576B3E /* RegionSelectionOverlay+Export.swift */,
				1A7C0AF3811B144640A1EC5E /* RegionSelectionOverlay+Stitch.swift */,
				E5EAF3C29324BC59291E1A59 /* RegionSelectionOverlayController.swift */,
			);
			path = RegionSelection;
			sourceTree = "<group>";
		};
		EB928638FD2FE5672BD6FB81 = {
			isa = PBXGroup;
			children = (
				8B422C4740AC8426F45C3B6C /* Sources */,
				0BDB740333D2E24128A5448D /* Tests */,
				5A817043E47423CA7B6BC1F3 /* Frameworks */,
				7A5D82ED2F4E224575DF5A1A /* Products */,
			);
			sourceTree = "<group>";
		};
/* End PBXGroup section */

/* Begin PBXNativeTarget section */
		32E80109356F554283C3D146 /* VivyShot */ = {
			isa = PBXNativeTarget;
			buildConfigurationList = A7BB4DFF11C08A9F4C169CC6 /* Build configuration list for PBXNativeTarget "VivyShot" */;
			buildPhases = (
				15F19DEEDD5BE0CD066D150B /* Sources */,
				E0DE212BEB0A8788071C68E6 /* Frameworks */,
			);
			buildRules = (
			);
			dependencies = (
			);
			name = VivyShot;
			packageProductDependencies = (
			);
			productName = VivyShot;
			productReference = 8AF6AFA34F28C17CC7B6AFDA /* VivyShot.app */;
			productType = "com.apple.product-type.application";
		};
		E7025B48E218D8F68C3D47D7 /* VivyShotTests */ = {
			isa = PBXNativeTarget;
			buildConfigurationList = 5ED20F0FE49FA24678DB2CE4 /* Build configuration list for PBXNativeTarget "VivyShotTests" */;
			buildPhases = (
				F8800440F04F79B323ADB802 /* Sources */,
				7920660CCD3A0D5D66E06637 /* Frameworks */,
			);
			buildRules = (
			);
			dependencies = (
				2DC7AE2C8D4627F0C21DEE52 /* PBXTargetDependency */,
			);
			name = VivyShotTests;
			packageProductDependencies = (
			);
			productName = VivyShotTests;
			productReference = EA17DB09C430A0ED8B3F7FDB /* VivyShotTests.xctest */;
			productType = "com.apple.product-type.bundle.unit-test";
		};
/* End PBXNativeTarget section */

/* Begin PBXProject section */
		6B930F60F68F822EA982EBAB /* Project object */ = {
			isa = PBXProject;
			attributes = {
				BuildIndependentTargetsInParallel = YES;
				LastUpgradeCheck = 1430;
				TargetAttributes = {
					32E80109356F554283C3D146 = {
						DevelopmentTeam = QW4U57CXJX;
						ProvisioningStyle = Automatic;
					};
					E7025B48E218D8F68C3D47D7 = {
						DevelopmentTeam = QW4U57CXJX;
						ProvisioningStyle = Automatic;
					};
				};
			};
			buildConfigurationList = 93F438745AEB9E2FB039147D /* Build configuration list for PBXProject "VivyShot" */;
			developmentRegion = en;
			hasScannedForEncodings = 0;
			knownRegions = (
				Base,
				en,
			);
			mainGroup = EB928638FD2FE5672BD6FB81;
			minimizedProjectReferenceProxies = 1;
			preferredProjectObjectVersion = 77;
			productRefGroup = 7A5D82ED2F4E224575DF5A1A /* Products */;
			projectDirPath = "";
			projectRoot = "";
			targets = (
				32E80109356F554283C3D146 /* VivyShot */,
				E7025B48E218D8F68C3D47D7 /* VivyShotTests */,
			);
		};
/* End PBXProject section */

/* Begin PBXSourcesBuildPhase section */
		15F19DEEDD5BE0CD066D150B /* Sources */ = {
			isa = PBXSourcesBuildPhase;
			buildActionMask = 2147483647;
			files = (
				D9A8CFC54C646580EAF4564C /* AnnotationCanvasView+Drawing.swift in Sources */,
				F504DE7E6240853F79D75343 /* AnnotationCanvasView+Geometry.swift in Sources */,
				15FA0CAF0FEA88B1EAF2FBCC /* AnnotationCanvasView+InlineText.swift in Sources */,
				A923E7D83C4835F94A398D18 /* AnnotationCanvasView+Input.swift in Sources */,
				27FC97DCB4F293F1621F9318 /* AnnotationCanvasView.swift in Sources */,
				334BCD9713252C7120CE9A27 /* AnnotationTool.swift in Sources */,
				F86BB23A4BB8E2E542234B49 /* AppDelegate.swift in Sources */,
				3AECEA6788A23BB1D307B14F /* AppSettings.swift in Sources */,
				EE2BEDED29E40981A97CFFD6 /* CaptureCoordinator.swift in Sources */,
				65BC0A5A8C4D59D139B0245C /* CaptureCoordinatorProtocol.swift in Sources */,
				2F98E5FBA54732922C0F3ED1 /* CaptureGlassViews.swift in Sources */,
				3EAA37C88CD88FE24C7522BC /* CaptureMode.swift in Sources */,
				128ED047EFB46402DF86FBCE /* CaptureOverlayToolbars.swift in Sources */,
				7B2C71F0BC07D1D676B5DABC /* CaptureShaderTransitionView.swift in Sources */,
				DE7E880E473009BB635F3E34 /* CrashReporter.swift in Sources */,
				43D993EA20092F40EA0D3CB9 /* EditorTextStyle.swift in Sources */,
				1F707AFC59029A4A8B024677 /* GlobalHotKeyManager.swift in Sources */,
				53B136B76F4024389FDCB678 /* LiquidGlassViews.swift in Sources */,
				98B5325E2FDAB4B8A2E443B8 /* RecordingFloatingBars.swift in Sources */,
				FFB3828F0A0BC198135CF110 /* RegionSelectionOverlay+Annotation.swift in Sources */,
				5CC7C99A84FE04E9964F47B0 /* RegionSelectionOverlay+EditingLayout.swift in Sources */,
				239CB83C9448A4210731AA59 /* RegionSelectionOverlay+EditingSelection.swift in Sources */,
				BC23BDFB3C7EB7B99002B696 /* RegionSelectionOverlay+EditingTargetPicking.swift in Sources */,
				B28514244922F18049B63FBC /* RegionSelectionOverlay+EditingToolbar.swift in Sources */,
				05929BB57BC35D653FB64014 /* RegionSelectionOverlay+EditingUI.swift in Sources */,
				698F95F7CDB17D4732AAF974 /* RegionSelectionOverlay+Export.swift in Sources */,
				70A83E1153A8C3548B3D59DD /* RegionSelectionOverlay+Stitch.swift in Sources */,
				18278408B8F32522DF8240ED /* RegionSelectionOverlay.swift in Sources */,
				614A4376D4B7E27F5A8D87C5 /* RegionSelectionOverlayController.swift in Sources */,
				CF35C0365FAB9D271112811E /* RustCoreBridge.swift in Sources */,
				40B25CC63AA6241A2BE9B27A /* RustCoreTypes.swift in Sources */,
				F04016BB0A0698C2ECE60ADE /* RustDocumentSession.swift in Sources */,
				C635AB4660A298B2F6073092 /* RustStitchSession.swift in Sources */,
				3DC7D7055455F7D3EFA549DF /* RustTimelineSession.swift in Sources */,
				AD78622235775470AE526D12 /* RustVideoSession.swift in Sources */,
				8704CA1314A3BED7679C8A27 /* SettingsWindowController.swift in Sources */,
				CD16DB22FB35D744AED9F9ED /* StatusItemController.swift in Sources */,
				F8C1DE33D147028DA3ED3FD4 /* TransientToast.swift in Sources */,
				54F62A84A4DC6DEF2D2638E2 /* UITestHarnessView.swift in Sources */,
				3293C133DF1A4B31736B5148 /* VideoCaptureComponents.swift in Sources */,
				767A786D8BDA2122D1C1C8A7 /* VideoCaptureUI.swift in Sources */,
				479B2BACE55FE843C36C3F41 /* main.swift in Sources */,
			);
			runOnlyForDeploymentPostprocessing = 0;
		};
		F8800440F04F79B323ADB802 /* Sources */ = {
			isa = PBXSourcesBuildPhase;
			buildActionMask = 2147483647;
			files = (
				4619D08016382187A7381A38 /* VivyShotTests.swift in Sources */,
			);
			runOnlyForDeploymentPostprocessing = 0;
		};
/* End PBXSourcesBuildPhase section */

/* Begin PBXTargetDependency section */
		2DC7AE2C8D4627F0C21DEE52 /* PBXTargetDependency */ = {
			isa = PBXTargetDependency;
			target = 32E80109356F554283C3D146 /* VivyShot */;
			targetProxy = AC110FFFAF7B173A05C984FF /* PBXContainerItemProxy */;
		};
/* End PBXTargetDependency section */

/* Begin XCBuildConfiguration section */
		1A29B54E95C48214A91C17A0 /* Release */ = {
			isa = XCBuildConfiguration;
			buildSettings = {
				ASSETCATALOG_COMPILER_APPICON_NAME = AppIcon;
				CODE_SIGN_ENTITLEMENTS = Config/VivyShot.entitlements;
				CODE_SIGN_INJECT_BASE_ENTITLEMENTS = NO;
				COMBINE_HIDPI_IMAGES = YES;
				ENABLE_DEBUG_DYLIB = NO;
				FRAMEWORK_SEARCH_PATHS = (
					"$(inherited)",
					"\"..\"",
				);
				GENERATE_INFOPLIST_FILE = NO;
				INFOPLIST_FILE = Config/Info.plist;
				LD_RUNPATH_SEARCH_PATHS = (
					"$(inherited)",
					"@executable_path/../Frameworks",
				);
				MACOSX_DEPLOYMENT_TARGET = 15.2;
				PRODUCT_BUNDLE_IDENTIFIER = com.vivyshot;
				PRODUCT_NAME = VivyShot;
				SDKROOT = macosx;
			};
			name = Release;
		};
		AFEB0ADE36D9E96E60DDA68B /* Release */ = {
			isa = XCBuildConfiguration;
			buildSettings = {
				ALWAYS_SEARCH_USER_PATHS = NO;
				CLANG_ANALYZER_NONNULL = YES;
				CLANG_ANALYZER_NUMBER_OBJECT_CONVERSION = YES_AGGRESSIVE;
				CLANG_CXX_LANGUAGE_STANDARD = "gnu++14";
				CLANG_CXX_LIBRARY = "libc++";
				CLANG_ENABLE_MODULES = YES;
				CLANG_ENABLE_OBJC_ARC = YES;
				CLANG_ENABLE_OBJC_WEAK = YES;
				CLANG_WARN_BLOCK_CAPTURE_AUTORELEASING = YES;
				CLANG_WARN_BOOL_CONVERSION = YES;
				CLANG_WARN_COMMA = YES;
				CLANG_WARN_CONSTANT_CONVERSION = YES;
				CLANG_WARN_DEPRECATED_OBJC_IMPLEMENTATIONS = YES;
				CLANG_WARN_DIRECT_OBJC_ISA_USAGE = YES_ERROR;
				CLANG_WARN_DOCUMENTATION_COMMENTS = YES;
				CLANG_WARN_EMPTY_BODY = YES;
				CLANG_WARN_ENUM_CONVERSION = YES;
				CLANG_WARN_INFINITE_RECURSION = YES;
				CLANG_WARN_INT_CONVERSION = YES;
				CLANG_WARN_NON_LITERAL_NULL_CONVERSION = YES;
				CLANG_WARN_OBJC_IMPLICIT_RETAIN_SELF = YES;
				CLANG_WARN_OBJC_LITERAL_CONVERSION = YES;
				CLANG_WARN_OBJC_ROOT_CLASS = YES_ERROR;
				CLANG_WARN_QUOTED_INCLUDE_IN_FRAMEWORK_HEADER = YES;
				CLANG_WARN_RANGE_LOOP_ANALYSIS = YES;
				CLANG_WARN_STRICT_PROTOTYPES = YES;
				CLANG_WARN_SUSPICIOUS_MOVE = YES;
				CLANG_WARN_UNGUARDED_AVAILABILITY = YES_AGGRESSIVE;
				CLANG_WARN_UNREACHABLE_CODE = YES;
				CLANG_WARN__DUPLICATE_METHOD_MATCH = YES;
				CODE_SIGN_STYLE = Automatic;
				COPY_PHASE_STRIP = NO;
				CURRENT_PROJECT_VERSION = 1;
				DEBUG_INFORMATION_FORMAT = "dwarf-with-dsym";
				DEVELOPMENT_TEAM = QW4U57CXJX;
				ENABLE_HARDENED_RUNTIME = YES;
				ENABLE_NS_ASSERTIONS = NO;
				ENABLE_STRICT_OBJC_MSGSEND = YES;
				GCC_C_LANGUAGE_STANDARD = gnu11;
				GCC_NO_COMMON_BLOCKS = YES;
				GCC_WARN_64_TO_32_BIT_CONVERSION = YES;
				GCC_WARN_ABOUT_RETURN_TYPE = YES_ERROR;
				GCC_WARN_UNDECLARED_SELECTOR = YES;
				GCC_WARN_UNINITIALIZED_AUTOS = YES_AGGRESSIVE;
				GCC_WARN_UNUSED_FUNCTION = YES;
				GCC_WARN_UNUSED_VARIABLE = YES;
				MACOSX_DEPLOYMENT_TARGET = 15.2;
				MARKETING_VERSION = 1.0.0;
				MTL_ENABLE_DEBUG_INFO = NO;
				MTL_FAST_MATH = YES;
				PRODUCT_NAME = "$(TARGET_NAME)";
				SDKROOT = macosx;
				SWIFT_COMPILATION_MODE = wholemodule;
				SWIFT_OPTIMIZATION_LEVEL = "-O";
				SWIFT_VERSION = 6.0;
			};
			name = Release;
		};
		B58A885A7CF7DB7D0E33EFB8 /* Debug */ = {
			isa = XCBuildConfiguration;
			buildSettings = {
				ALWAYS_SEARCH_USER_PATHS = NO;
				CLANG_ANALYZER_NONNULL = YES;
				CLANG_ANALYZER_NUMBER_OBJECT_CONVERSION = YES_AGGRESSIVE;
				CLANG_CXX_LANGUAGE_STANDARD = "gnu++14";
				CLANG_CXX_LIBRARY = "libc++";
				CLANG_ENABLE_MODULES = YES;
				CLANG_ENABLE_OBJC_ARC = YES;
				CLANG_ENABLE_OBJC_WEAK = YES;
				CLANG_WARN_BLOCK_CAPTURE_AUTORELEASING = YES;
				CLANG_WARN_BOOL_CONVERSION = YES;
				CLANG_WARN_COMMA = YES;
				CLANG_WARN_CONSTANT_CONVERSION = YES;
				CLANG_WARN_DEPRECATED_OBJC_IMPLEMENTATIONS = YES;
				CLANG_WARN_DIRECT_OBJC_ISA_USAGE = YES_ERROR;
				CLANG_WARN_DOCUMENTATION_COMMENTS = YES;
				CLANG_WARN_EMPTY_BODY = YES;
				CLANG_WARN_ENUM_CONVERSION = YES;
				CLANG_WARN_INFINITE_RECURSION = YES;
				CLANG_WARN_INT_CONVERSION = YES;
				CLANG_WARN_NON_LITERAL_NULL_CONVERSION = YES;
				CLANG_WARN_OBJC_IMPLICIT_RETAIN_SELF = YES;
				CLANG_WARN_OBJC_LITERAL_CONVERSION = YES;
				CLANG_WARN_OBJC_ROOT_CLASS = YES_ERROR;
				CLANG_WARN_QUOTED_INCLUDE_IN_FRAMEWORK_HEADER = YES;
				CLANG_WARN_RANGE_LOOP_ANALYSIS = YES;
				CLANG_WARN_STRICT_PROTOTYPES = YES;
				CLANG_WARN_SUSPICIOUS_MOVE = YES;
				CLANG_WARN_UNGUARDED_AVAILABILITY = YES_AGGRESSIVE;
				CLANG_WARN_UNREACHABLE_CODE = YES;
				CLANG_WARN__DUPLICATE_METHOD_MATCH = YES;
				CODE_SIGN_STYLE = Automatic;
				COPY_PHASE_STRIP = NO;
				CURRENT_PROJECT_VERSION = 1;
				DEBUG_INFORMATION_FORMAT = dwarf;
				DEVELOPMENT_TEAM = QW4U57CXJX;
				ENABLE_HARDENED_RUNTIME = YES;
				ENABLE_STRICT_OBJC_MSGSEND = YES;
				ENABLE_TESTABILITY = YES;
				GCC_C_LANGUAGE_STANDARD = gnu11;
				GCC_DYNAMIC_NO_PIC = NO;
				GCC_NO_COMMON_BLOCKS = YES;
				GCC_OPTIMIZATION_LEVEL = 0;
				GCC_PREPROCESSOR_DEFINITIONS = (
					"$(inherited)",
					"DEBUG=1",
				);
				GCC_WARN_64_TO_32_BIT_CONVERSION = YES;
				GCC_WARN_ABOUT_RETURN_TYPE = YES_ERROR;
				GCC_WARN_UNDECLARED_SELECTOR = YES;
				GCC_WARN_UNINITIALIZED_AUTOS = YES_AGGRESSIVE;
				GCC_WARN_UNUSED_FUNCTION = YES;
				GCC_WARN_UNUSED_VARIABLE = YES;
				MACOSX_DEPLOYMENT_TARGET = 15.2;
				MARKETING_VERSION = 1.0.0;
				MTL_ENABLE_DEBUG_INFO = INCLUDE_SOURCE;
				MTL_FAST_MATH = YES;
				ONLY_ACTIVE_ARCH = YES;
				PRODUCT_NAME = "$(TARGET_NAME)";
				SDKROOT = macosx;
				SWIFT_ACTIVE_COMPILATION_CONDITIONS = DEBUG;
				SWIFT_OPTIMIZATION_LEVEL = "-Onone";
				SWIFT_VERSION = 6.0;
			};
			name = Debug;
		};
		B70BE023B56DF8EDB27D2BCB /* Debug */ = {
			isa = XCBuildConfiguration;
			buildSettings = {
				BUNDLE_LOADER = "";
				COMBINE_HIDPI_IMAGES = YES;
				FRAMEWORK_SEARCH_PATHS = (
					"$(inherited)",
					"\"..\"",
				);
				GENERATE_INFOPLIST_FILE = YES;
				LD_RUNPATH_SEARCH_PATHS = (
					"$(inherited)",
					"@executable_path/../Frameworks",
					"@loader_path/../Frameworks",
				);
				MACOSX_DEPLOYMENT_TARGET = 15.2;
				PRODUCT_BUNDLE_IDENTIFIER = com.vivyshot.tests;
				SDKROOT = macosx;
				TEST_HOST = "";
			};
			name = Debug;
		};
		E18503C4C2642B3C5347D2D0 /* Debug */ = {
			isa = XCBuildConfiguration;
			buildSettings = {
				ASSETCATALOG_COMPILER_APPICON_NAME = AppIcon;
				CODE_SIGN_ENTITLEMENTS = Config/VivyShot.entitlements;
				CODE_SIGN_INJECT_BASE_ENTITLEMENTS = NO;
				COMBINE_HIDPI_IMAGES = YES;
				ENABLE_DEBUG_DYLIB = NO;
				FRAMEWORK_SEARCH_PATHS = (
					"$(inherited)",
					"\"..\"",
				);
				GENERATE_INFOPLIST_FILE = NO;
				INFOPLIST_FILE = Config/Info.plist;
				LD_RUNPATH_SEARCH_PATHS = (
					"$(inherited)",
					"@executable_path/../Frameworks",
				);
				MACOSX_DEPLOYMENT_TARGET = 15.2;
				PRODUCT_BUNDLE_IDENTIFIER = com.vivyshot.dev;
				PRODUCT_NAME = VivyShotDev;
				SDKROOT = macosx;
			};
			name = Debug;
		};
		E5F9CF79E7E45D7C092414BE /* Release */ = {
			isa = XCBuildConfiguration;
			buildSettings = {
				BUNDLE_LOADER = "";
				COMBINE_HIDPI_IMAGES = YES;
				FRAMEWORK_SEARCH_PATHS = (
					"$(inherited)",
					"\"..\"",
				);
				GENERATE_INFOPLIST_FILE = YES;
				LD_RUNPATH_SEARCH_PATHS = (
					"$(inherited)",
					"@executable_path/../Frameworks",
					"@loader_path/../Frameworks",
				);
				MACOSX_DEPLOYMENT_TARGET = 15.2;
				PRODUCT_BUNDLE_IDENTIFIER = com.vivyshot.tests;
				SDKROOT = macosx;
				TEST_HOST = "";
			};
			name = Release;
		};
/* End XCBuildConfiguration section */

/* Begin XCConfigurationList section */
		5ED20F0FE49FA24678DB2CE4 /* Build configuration list for PBXNativeTarget "VivyShotTests" */ = {
			isa = XCConfigurationList;
			buildConfigurations = (
				B70BE023B56DF8EDB27D2BCB /* Debug */,
				E5F9CF79E7E45D7C092414BE /* Release */,
			);
			defaultConfigurationIsVisible = 0;
			defaultConfigurationName = Debug;
		};
		93F438745AEB9E2FB039147D /* Build configuration list for PBXProject "VivyShot" */ = {
			isa = XCConfigurationList;
			buildConfigurations = (
				B58A885A7CF7DB7D0E33EFB8 /* Debug */,
				AFEB0ADE36D9E96E60DDA68B /* Release */,
			);
			defaultConfigurationIsVisible = 0;
			defaultConfigurationName = Debug;
		};
		A7BB4DFF11C08A9F4C169CC6 /* Build configuration list for PBXNativeTarget "VivyShot" */ = {
			isa = XCConfigurationList;
			buildConfigurations = (
				E18503C4C2642B3C5347D2D0 /* Debug */,
				1A29B54E95C48214A91C17A0 /* Release */,
			);
			defaultConfigurationIsVisible = 0;
			defaultConfigurationName = Debug;
		};
/* End XCConfigurationList section */
	};
	rootObject = 6B930F60F68F822EA982EBAB /* Project object */;
}
